
Microsoft Visual Studio Solution File, Format Version 12.00
# Visual Studio 2012
Project("{FAE04EC0-301F-11D3-BF4B-00C04F79EFBC}") = "TrafficCapture.Library", "TrafficCapture.Library\TrafficCapture.Library.csproj", "{59C908D3-2D8D-4DCF-A2AA-EA65FBD3D902}"
EndProject
Project("{FAE04EC0-301F-11D3-BF4B-00C04F79EFBC}") = "TrafficCapture.Web", "TrafficCapture.Web\TrafficCapture.Web.csproj", "{79BF7DB6-B40D-4635-A7B8-BEFE00E88F18}"
EndProject
Global
	GlobalSection(TeamFoundationVersionControl) = preSolution
		SccNumberOfProjects = 3
		SccEnterpriseProvider = {4CA58AB2-18FA-4F8D-95D4-32DDF27D184C}
		SccTeamFoundationServer = https://nicholasceliano.visualstudio.com/defaultcollection
		SccLocalPath0 = .
		SccProjectUniqueName1 = TrafficCapture.Library\\TrafficCapture.Library.csproj
		SccProjectName1 = TrafficCapture.Library
		SccLocalPath1 = TrafficCapture.Library
		SccProjectUniqueName2 = TrafficCapture.Web\\TrafficCapture.Web.csproj
		SccProjectName2 = TrafficCapture.Web
		SccLocalPath2 = TrafficCapture.Web
	EndGlobalSection
	GlobalSection(SolutionConfigurationPlatforms) = preSolution
		Debug|Any CPU = Debug|Any CPU
		Release|Any CPU = Release|Any CPU
	EndGlobalSection
	GlobalSection(ProjectConfigurationPlatforms) = postSolution
		{59C908D3-2D8D-4DCF-A2AA-EA65FBD3D902}.Debug|Any CPU.ActiveCfg = Debug|Any CPU
		{59C908D3-2D8D-4DCF-A2AA-EA65FBD3D902}.Debug|Any CPU.Build.0 = Debug|Any CPU
		{59C908D3-2D8D-4DCF-A2AA-EA65FBD3D902}.Release|Any CPU.ActiveCfg = Release|Any CPU
		{59C908D3-2D8D-4DCF-A2AA-EA65FBD3D902}.Release|Any CPU.Build.0 = Release|Any CPU
		{79BF7DB6-B40D-4635-A7B8-BEFE00E88F18}.Debug|Any CPU.ActiveCfg = Debug|Any CPU
		{79BF7DB6-B40D-4635-A7B8-BEFE00E88F18}.Debug|Any CPU.Build.0 = Debug|Any CPU
		{79BF7DB6-B40D-4635-A7B8-BEFE00E88F18}.Release|Any CPU.ActiveCfg = Release|Any CPU
		{79BF7DB6-B40D-4635-A7B8-BEFE00E88F18}.Release|Any CPU.Build.0 = Release|Any CPU
	EndGlobalSection
	GlobalSection(SolutionProperties) = preSolution
		HideSolutionNode = FALSE
	EndGlobalSection
EndGlobal
